
Microsoft Visual Studio Solution File, Format Version 12.00
# Visual Studio Version 16
VisualStudioVersion = 16.0.30717.126
MinimumVisualStudioVersion = 10.0.40219.1
Project("{FAE04EC0-301F-11D3-BF4B-00C04F79EFBC}") = "StudyOn.Web", "StudyOn.Web\StudyOn.Web.csproj", "{FB24CDC3-9B74-4E6F-ACDB-9493C303AE00}"
EndProject
Project("{FAE04EC0-301F-11D3-BF4B-00C04F79EFBC}") = "StudyOn.Data", "StudyOn.Data\StudyOn.Data.csproj", "{E9913E48-C2BF-4312-9D18-4B9C333515E9}"
EndProject
Project("{FAE04EC0-301F-11D3-BF4B-00C04F79EFBC}") = "StudyOn.Business", "StudyOn.Business\StudyOn.Business.csproj", "{089DC509-5163-4C87-9126-300AC1AC84C8}"
EndProject
Project("{FAE04EC0-301F-11D3-BF4B-00C04F79EFBC}") = "StudyOn.Contract", "StudyOn.Contract\StudyOn.Contract.csproj", "{3EC693B9-C0D8-4F19-B239-2994460537D3}"
EndProject
Global
	GlobalSection(SolutionConfigurationPlatforms) = preSolution
		Debug|Any CPU = Debug|Any CPU
		Release|Any CPU = Release|Any CPU
	EndGlobalSection
	GlobalSection(ProjectConfigurationPlatforms) = postSolution
		{FB24CDC3-9B74-4E6F-ACDB-9493C303AE00}.Debug|Any CPU.ActiveCfg = Debug|Any CPU
		{FB24CDC3-9B74-4E6F-ACDB-9493C303AE00}.Debug|Any CPU.Build.0 = Debug|Any CPU
		{FB24CDC3-9B74-4E6F-ACDB-9493C303AE00}.Release|Any CPU.ActiveCfg = Release|Any CPU
		{FB24CDC3-9B74-4E6F-ACDB-9493C303AE00}.Release|Any CPU.Build.0 = Release|Any CPU
		{E9913E48-C2BF-4312-9D18-4B9C333515E9}.Debug|Any CPU.ActiveCfg = Debug|Any CPU
		{E9913E48-C2BF-4312-9D18-4B9C333515E9}.Debug|Any CPU.Build.0 = Debug|Any CPU
		{E9913E48-C2BF-4312-9D18-4B9C333515E9}.Release|Any CPU.ActiveCfg = Release|Any CPU
		{E9913E48-C2BF-4312-9D18-4B9C333515E9}.Release|Any CPU.Build.0 = Release|Any CPU
		{089DC509-5163-4C87-9126-300AC1AC84C8}.Debug|Any CPU.ActiveCfg = Debug|Any CPU
		{089DC509-5163-4C87-9126-300AC1AC84C8}.Debug|Any CPU.Build.0 = Debug|Any CPU
		{089DC509-5163-4C87-9126-300AC1AC84C8}.Release|Any CPU.ActiveCfg = Release|Any CPU
		{089DC509-5163-4C87-9126-300AC1AC84C8}.Release|Any CPU.Build.0 = Release|Any CPU
		{3EC693B9-C0D8-4F19-B239-2994460537D3}.Debug|Any CPU.ActiveCfg = Debug|Any CPU
		{3EC693B9-C0D8-4F19-B239-2994460537D3}.Debug|Any CPU.Build.0 = Debug|Any CPU
		{3EC693B9-C0D8-4F19-B239-2994460537D3}.Release|Any CPU.ActiveCfg = Release|Any CPU
		{3EC693B9-C0D8-4F19-B239-2994460537D3}.Release|Any CPU.Build.0 = Release|Any CPU
	EndGlobalSection
	GlobalSection(SolutionProperties) = preSolution
		HideSolutionNode = FALSE
	EndGlobalSection
	GlobalSection(ExtensibilityGlobals) = postSolution
		SolutionGuid = {18C94521-8A3C-4D11-A5AC-6B5309A0B91D}
	EndGlobalSection
EndGlobal
