
Microsoft Visual Studio Solution File, Format Version 12.00
# Visual Studio Version 16
VisualStudioVersion = 16.0.30717.126
MinimumVisualStudioVersion = 10.0.40219.1
Project("{FAE04EC0-301F-11D3-BF4B-00C04F79EFBC}") = "StudyOn.Web", "StudyOn.Web\StudyOn.Web.csproj", "{197748CD-71C9-4E47-874B-C9990BF7EF47}"
EndProject
Project("{FAE04EC0-301F-11D3-BF4B-00C04F79EFBC}") = "StudyOn.Business", "StudyOn.Business\StudyOn.Business.csproj", "{1A4428E6-9C54-4FB5-A8DA-D35E0886461E}"
EndProject
Project("{FAE04EC0-301F-11D3-BF4B-00C04F79EFBC}") = "StudyOn.Contract", "StudyOn.Contract\StudyOn.Contract.csproj", "{6BEC2CE8-4C84-4232-B675-2470A2FA1EA9}"
EndProject
Project("{FAE04EC0-301F-11D3-BF4B-00C04F79EFBC}") = "StudyOn.Data", "StudyOn.Data\StudyOn.Data.csproj", "{0ED6CCCB-6AB1-474A-B0A4-55D4D3388854}"
EndProject
Global
	GlobalSection(SolutionConfigurationPlatforms) = preSolution
		Debug|Any CPU = Debug|Any CPU
		Release|Any CPU = Release|Any CPU
	EndGlobalSection
	GlobalSection(ProjectConfigurationPlatforms) = postSolution
		{197748CD-71C9-4E47-874B-C9990BF7EF47}.Debug|Any CPU.ActiveCfg = Debug|Any CPU
		{197748CD-71C9-4E47-874B-C9990BF7EF47}.Debug|Any CPU.Build.0 = Debug|Any CPU
		{197748CD-71C9-4E47-874B-C9990BF7EF47}.Release|Any CPU.ActiveCfg = Release|Any CPU
		{197748CD-71C9-4E47-874B-C9990BF7EF47}.Release|Any CPU.Build.0 = Release|Any CPU
		{1A4428E6-9C54-4FB5-A8DA-D35E0886461E}.Debug|Any CPU.ActiveCfg = Debug|Any CPU
		{1A4428E6-9C54-4FB5-A8DA-D35E0886461E}.Debug|Any CPU.Build.0 = Debug|Any CPU
		{1A4428E6-9C54-4FB5-A8DA-D35E0886461E}.Release|Any CPU.ActiveCfg = Release|Any CPU
		{1A4428E6-9C54-4FB5-A8DA-D35E0886461E}.Release|Any CPU.Build.0 = Release|Any CPU
		{6BEC2CE8-4C84-4232-B675-2470A2FA1EA9}.Debug|Any CPU.ActiveCfg = Debug|Any CPU
		{6BEC2CE8-4C84-4232-B675-2470A2FA1EA9}.Debug|Any CPU.Build.0 = Debug|Any CPU
		{6BEC2CE8-4C84-4232-B675-2470A2FA1EA9}.Release|Any CPU.ActiveCfg = Release|Any CPU
		{6BEC2CE8-4C84-4232-B675-2470A2FA1EA9}.Release|Any CPU.Build.0 = Release|Any CPU
		{0ED6CCCB-6AB1-474A-B0A4-55D4D3388854}.Debug|Any CPU.ActiveCfg = Debug|Any CPU
		{0ED6CCCB-6AB1-474A-B0A4-55D4D3388854}.Debug|Any CPU.Build.0 = Debug|Any CPU
		{0ED6CCCB-6AB1-474A-B0A4-55D4D3388854}.Release|Any CPU.ActiveCfg = Release|Any CPU
		{0ED6CCCB-6AB1-474A-B0A4-55D4D3388854}.Release|Any CPU.Build.0 = Release|Any CPU
	EndGlobalSection
	GlobalSection(SolutionProperties) = preSolution
		HideSolutionNode = FALSE
	EndGlobalSection
	GlobalSection(ExtensibilityGlobals) = postSolution
		SolutionGuid = {7C9587B9-03E9-403A-AC79-9378AE4CA94C}
	EndGlobalSection
EndGlobal
