
Microsoft Visual Studio Solution File, Format Version 12.00
# Visual Studio Version 16
VisualStudioVersion = 16.0.30717.126
MinimumVisualStudioVersion = 10.0.40219.1
Project("{9A19103F-16F7-4668-BE54-9A1E7A4F7556}") = "StudyOn.Business", "StudyOn.Business\StudyOn.Business.csproj", "{0CAD9353-2B0B-43A8-AD50-CDA62F71E0F8}"
EndProject
Project("{9A19103F-16F7-4668-BE54-9A1E7A4F7556}") = "StudyOn.Contracts", "StudyOn.Contracts\StudyOn.Contracts.csproj", "{EFA6C865-B151-4118-983E-E75504FECAA4}"
EndProject
Project("{9A19103F-16F7-4668-BE54-9A1E7A4F7556}") = "StudyOn.Data", "StudyOn.Data\StudyOn.Data.csproj", "{D2D93AE0-0BD8-4496-B13E-C9C9D35F5831}"
EndProject
Project("{9A19103F-16F7-4668-BE54-9A1E7A4F7556}") = "StudyOn.LoggerService", "StudyOn.LoggerService\StudyOn.LoggerService.csproj", "{45E712BF-FE90-4D77-8A12-194CA3BF2E8F}"
EndProject
Project("{9A19103F-16F7-4668-BE54-9A1E7A4F7556}") = "StudyOn.WebAPI", "StudyOn.WebAPI\StudyOn.WebAPI.csproj", "{D2C6D6CA-BBB0-48FB-9BB2-585510B3C934}"
EndProject
Project("{2150E333-8FDC-42A3-9474-1A3956D46DE8}") = "UsersMicroservice", "UsersMicroservice", "{19F4890E-FB1A-4229-8CEE-4E728263B22F}"
EndProject
Project("{2150E333-8FDC-42A3-9474-1A3956D46DE8}") = "CourtsMicroservice", "CourtsMicroservice", "{F7CE2C81-6005-4D27-B2AF-9D974FDD85EC}"
EndProject
Project("{FAE04EC0-301F-11D3-BF4B-00C04F79EFBC}") = "Court.WebAPI", "Courts.WebAPI\Court.WebAPI.csproj", "{4398AE5E-845A-4658-B62F-D137D3E6B90A}"
EndProject
Project("{FAE04EC0-301F-11D3-BF4B-00C04F79EFBC}") = "Court.Data", "Courts.Data\Court.Data.csproj", "{A40CCC45-C969-4900-9AB0-418E9FFAF913}"
EndProject
Project("{FAE04EC0-301F-11D3-BF4B-00C04F79EFBC}") = "Court.Business", "Courts.Business\Court.Business.csproj", "{36E362D0-05CC-4D0F-A77F-4A0D7B57968C}"
EndProject
Project("{FAE04EC0-301F-11D3-BF4B-00C04F79EFBC}") = "Court.Contracts", "Courts.Contracts\Court.Contracts.csproj", "{E249B5A9-43EB-45D3-B7CD-82288E8F48B5}"
EndProject
Project("{FAE04EC0-301F-11D3-BF4B-00C04F79EFBC}") = "Court.LoggerService", "Courts.LoggerService\Court.LoggerService.csproj", "{F8F48822-F954-445A-98CE-4AFE099E1715}"
EndProject
Global
	GlobalSection(SolutionConfigurationPlatforms) = preSolution
		Debug|Any CPU = Debug|Any CPU
		Release|Any CPU = Release|Any CPU
	EndGlobalSection
	GlobalSection(ProjectConfigurationPlatforms) = postSolution
		{0CAD9353-2B0B-43A8-AD50-CDA62F71E0F8}.Debug|Any CPU.ActiveCfg = Debug|Any CPU
		{0CAD9353-2B0B-43A8-AD50-CDA62F71E0F8}.Debug|Any CPU.Build.0 = Debug|Any CPU
		{0CAD9353-2B0B-43A8-AD50-CDA62F71E0F8}.Release|Any CPU.ActiveCfg = Release|Any CPU
		{0CAD9353-2B0B-43A8-AD50-CDA62F71E0F8}.Release|Any CPU.Build.0 = Release|Any CPU
		{EFA6C865-B151-4118-983E-E75504FECAA4}.Debug|Any CPU.ActiveCfg = Debug|Any CPU
		{EFA6C865-B151-4118-983E-E75504FECAA4}.Debug|Any CPU.Build.0 = Debug|Any CPU
		{EFA6C865-B151-4118-983E-E75504FECAA4}.Release|Any CPU.ActiveCfg = Release|Any CPU
		{EFA6C865-B151-4118-983E-E75504FECAA4}.Release|Any CPU.Build.0 = Release|Any CPU
		{D2D93AE0-0BD8-4496-B13E-C9C9D35F5831}.Debug|Any CPU.ActiveCfg = Debug|Any CPU
		{D2D93AE0-0BD8-4496-B13E-C9C9D35F5831}.Debug|Any CPU.Build.0 = Debug|Any CPU
		{D2D93AE0-0BD8-4496-B13E-C9C9D35F5831}.Release|Any CPU.ActiveCfg = Release|Any CPU
		{D2D93AE0-0BD8-4496-B13E-C9C9D35F5831}.Release|Any CPU.Build.0 = Release|Any CPU
		{45E712BF-FE90-4D77-8A12-194CA3BF2E8F}.Debug|Any CPU.ActiveCfg = Debug|Any CPU
		{45E712BF-FE90-4D77-8A12-194CA3BF2E8F}.Debug|Any CPU.Build.0 = Debug|Any CPU
		{45E712BF-FE90-4D77-8A12-194CA3BF2E8F}.Release|Any CPU.ActiveCfg = Release|Any CPU
		{45E712BF-FE90-4D77-8A12-194CA3BF2E8F}.Release|Any CPU.Build.0 = Release|Any CPU
		{D2C6D6CA-BBB0-48FB-9BB2-585510B3C934}.Debug|Any CPU.ActiveCfg = Debug|Any CPU
		{D2C6D6CA-BBB0-48FB-9BB2-585510B3C934}.Debug|Any CPU.Build.0 = Debug|Any CPU
		{D2C6D6CA-BBB0-48FB-9BB2-585510B3C934}.Release|Any CPU.ActiveCfg = Release|Any CPU
		{D2C6D6CA-BBB0-48FB-9BB2-585510B3C934}.Release|Any CPU.Build.0 = Release|Any CPU
		{4398AE5E-845A-4658-B62F-D137D3E6B90A}.Debug|Any CPU.ActiveCfg = Debug|Any CPU
		{4398AE5E-845A-4658-B62F-D137D3E6B90A}.Debug|Any CPU.Build.0 = Debug|Any CPU
		{4398AE5E-845A-4658-B62F-D137D3E6B90A}.Release|Any CPU.ActiveCfg = Release|Any CPU
		{4398AE5E-845A-4658-B62F-D137D3E6B90A}.Release|Any CPU.Build.0 = Release|Any CPU
		{A40CCC45-C969-4900-9AB0-418E9FFAF913}.Debug|Any CPU.ActiveCfg = Debug|Any CPU
		{A40CCC45-C969-4900-9AB0-418E9FFAF913}.Debug|Any CPU.Build.0 = Debug|Any CPU
		{A40CCC45-C969-4900-9AB0-418E9FFAF913}.Release|Any CPU.ActiveCfg = Release|Any CPU
		{A40CCC45-C969-4900-9AB0-418E9FFAF913}.Release|Any CPU.Build.0 = Release|Any CPU
		{36E362D0-05CC-4D0F-A77F-4A0D7B57968C}.Debug|Any CPU.ActiveCfg = Debug|Any CPU
		{36E362D0-05CC-4D0F-A77F-4A0D7B57968C}.Debug|Any CPU.Build.0 = Debug|Any CPU
		{36E362D0-05CC-4D0F-A77F-4A0D7B57968C}.Release|Any CPU.ActiveCfg = Release|Any CPU
		{36E362D0-05CC-4D0F-A77F-4A0D7B57968C}.Release|Any CPU.Build.0 = Release|Any CPU
		{E249B5A9-43EB-45D3-B7CD-82288E8F48B5}.Debug|Any CPU.ActiveCfg = Debug|Any CPU
		{E249B5A9-43EB-45D3-B7CD-82288E8F48B5}.Debug|Any CPU.Build.0 = Debug|Any CPU
		{E249B5A9-43EB-45D3-B7CD-82288E8F48B5}.Release|Any CPU.ActiveCfg = Release|Any CPU
		{E249B5A9-43EB-45D3-B7CD-82288E8F48B5}.Release|Any CPU.Build.0 = Release|Any CPU
		{F8F48822-F954-445A-98CE-4AFE099E1715}.Debug|Any CPU.ActiveCfg = Debug|Any CPU
		{F8F48822-F954-445A-98CE-4AFE099E1715}.Debug|Any CPU.Build.0 = Debug|Any CPU
		{F8F48822-F954-445A-98CE-4AFE099E1715}.Release|Any CPU.ActiveCfg = Release|Any CPU
		{F8F48822-F954-445A-98CE-4AFE099E1715}.Release|Any CPU.Build.0 = Release|Any CPU
	EndGlobalSection
	GlobalSection(SolutionProperties) = preSolution
		HideSolutionNode = FALSE
	EndGlobalSection
	GlobalSection(NestedProjects) = preSolution
		{0CAD9353-2B0B-43A8-AD50-CDA62F71E0F8} = {19F4890E-FB1A-4229-8CEE-4E728263B22F}
		{EFA6C865-B151-4118-983E-E75504FECAA4} = {19F4890E-FB1A-4229-8CEE-4E728263B22F}
		{D2D93AE0-0BD8-4496-B13E-C9C9D35F5831} = {19F4890E-FB1A-4229-8CEE-4E728263B22F}
		{45E712BF-FE90-4D77-8A12-194CA3BF2E8F} = {19F4890E-FB1A-4229-8CEE-4E728263B22F}
		{D2C6D6CA-BBB0-48FB-9BB2-585510B3C934} = {19F4890E-FB1A-4229-8CEE-4E728263B22F}
		{4398AE5E-845A-4658-B62F-D137D3E6B90A} = {F7CE2C81-6005-4D27-B2AF-9D974FDD85EC}
		{A40CCC45-C969-4900-9AB0-418E9FFAF913} = {F7CE2C81-6005-4D27-B2AF-9D974FDD85EC}
		{36E362D0-05CC-4D0F-A77F-4A0D7B57968C} = {F7CE2C81-6005-4D27-B2AF-9D974FDD85EC}
		{E249B5A9-43EB-45D3-B7CD-82288E8F48B5} = {F7CE2C81-6005-4D27-B2AF-9D974FDD85EC}
		{F8F48822-F954-445A-98CE-4AFE099E1715} = {F7CE2C81-6005-4D27-B2AF-9D974FDD85EC}
	EndGlobalSection
	GlobalSection(ExtensibilityGlobals) = postSolution
		SolutionGuid = {9A2CAF97-126C-48E1-B965-045D8A441031}
	EndGlobalSection
EndGlobal
